
Microsoft Visual Studio Solution File, Format Version 12.00
# Visual Studio 15
VisualStudioVersion = 15.0.27004.2009
MinimumVisualStudioVersion = 10.0.40219.1
Project("{FAE04EC0-301F-11D3-BF4B-00C04F79EFBC}") = "NAudio", "NAudio\NAudio.csproj", "{DA4F02E3-0B5E-42CD-B8D9-5583FA51D66E}"
EndProject
Project("{FAE04EC0-301F-11D3-BF4B-00C04F79EFBC}") = "MidiFileConverter", "MidiFileConverter\MidiFileConverter.csproj", "{5B5897BD-A423-4AF8-8A59-1C1372ED77DB}"
EndProject
Project("{FAE04EC0-301F-11D3-BF4B-00C04F79EFBC}") = "MixDiff", "MixDiff\MixDiff.csproj", "{1293DD10-378A-4370-AEE2-AA1E9E87039B}"
EndProject
Project("{FAE04EC0-301F-11D3-BF4B-00C04F79EFBC}") = "NAudioTests", "NAudioTests\NAudioTests.csproj", "{5080281A-F9A1-403F-85C7-0DFF6839B07B}"
EndProject
Project("{FAE04EC0-301F-11D3-BF4B-00C04F79EFBC}") = "NAudioDemo", "NAudioDemo\NAudioDemo.csproj", "{C37A547B-F31E-45FB-870A-CFA704D06152}"
EndProject
Project("{FAE04EC0-301F-11D3-BF4B-00C04F79EFBC}") = "AudioFileInspector", "AudioFileInspector\AudioFileInspector.csproj", "{D29C1659-635C-497B-847E-FE9A5A69ED03}"
EndProject
Project("{FAE04EC0-301F-11D3-BF4B-00C04F79EFBC}") = "NAudioWpfDemo", "NAudioWpfDemo\NAudioWpfDemo.csproj", "{A7B74F85-D353-4ED4-A321-E6E4AD4D7D32}"
EndProject
Project("{2150E333-8FDC-42A3-9474-1A3956D46DE8}") = "Solution Items", "Solution Items", "{F91DCE20-90A9-49A8-8773-CACECE651F37}"
	ProjectSection(SolutionItems) = preProject
		build.bat = build.bat
		build.fsx = build.fsx
		license.txt = license.txt
		NAudio.nuspec = NAudio.nuspec
		README.md = README.md
		readme.txt = readme.txt
		RELEASE_NOTES.md = RELEASE_NOTES.md
	EndProjectSection
EndProject
Project("{2150E333-8FDC-42A3-9474-1A3956D46DE8}") = "Samples", "Samples", "{778D0FA5-FE72-4BF9-B83F-5ECDFBF32F62}"
EndProject
Project("{2150E333-8FDC-42A3-9474-1A3956D46DE8}") = "Docs", "Docs", "{BA7F6DBB-9FC4-49E6-92E4-621EFE4BBBBC}"
	ProjectSection(SolutionItems) = preProject
		Docs\AsioPlayback.md = Docs\AsioPlayback.md
		Docs\AsioRecording.md = Docs\AsioRecording.md
		Docs\ConcatenatingAudio.md = Docs\ConcatenatingAudio.md
		Docs\ConvertBetweenStereoAndMono.md = Docs\ConvertBetweenStereoAndMono.md
		Docs\ConvertMp3ToWav.md = Docs\ConvertMp3ToWav.md
		Docs\EnumerateAcmDrivers.md = Docs\EnumerateAcmDrivers.md
		Docs\EnumerateMediaFoundationTransforms.md = Docs\EnumerateMediaFoundationTransforms.md
		Docs\EnumerateOutputDevices.md = Docs\EnumerateOutputDevices.md
		Docs\FadeInOutSampleProvider.md = Docs\FadeInOutSampleProvider.md
		Docs\MediaFoundationEncoder.md = Docs\MediaFoundationEncoder.md
		Docs\MidiEvent.md = Docs\MidiEvent.md
		Docs\MidiFile.md = Docs\MidiFile.md
		Docs\MidiInAndOut.md = Docs\MidiInAndOut.md
		Docs\MixTwoAudioFilesToWav.md = Docs\MixTwoAudioFilesToWav.md
		Docs\OffsetSampleProvider.md = Docs\OffsetSampleProvider.md
		Docs\OutputDeviceTypes.md = Docs\OutputDeviceTypes.md
		Docs\PlayAudioFileConsoleApp.md = Docs\PlayAudioFileConsoleApp.md
		Docs\PlayAudioFileWinForms.md = Docs\PlayAudioFileWinForms.md
		Docs\PlayAudioFromUrl.md = Docs\PlayAudioFromUrl.md
		Docs\PlaybackStopped.md = Docs\PlaybackStopped.md
		Docs\PlaySineWave.md = Docs\PlaySineWave.md
		Docs\RawSourceWaveStream.md = Docs\RawSourceWaveStream.md
		Docs\RecordingLevelMeter.md = Docs\RecordingLevelMeter.md
		Docs\RecordWavFileWinFormsWaveIn.md = Docs\RecordWavFileWinFormsWaveIn.md
		Docs\Resampling.md = Docs\Resampling.md
		Docs\WasapiLoopbackCapture.md = Docs\WasapiLoopbackCapture.md
		Docs\WasapiOut.md = Docs\WasapiOut.md
		Docs\WaveFormRendering.md = Docs\WaveFormRendering.md
		Docs\WaveProviders.md = Docs\WaveProviders.md
	EndProjectSection
EndProject
Global
	GlobalSection(SolutionConfigurationPlatforms) = preSolution
		Debug|Any CPU = Debug|Any CPU
		Debug|x64 = Debug|x64
		Debug|x86 = Debug|x86
		Release|Any CPU = Release|Any CPU
		Release|x64 = Release|x64
		Release|x86 = Release|x86
	EndGlobalSection
	GlobalSection(ProjectConfigurationPlatforms) = postSolution
		{DA4F02E3-0B5E-42CD-B8D9-5583FA51D66E}.Debug|Any CPU.ActiveCfg = Debug|Any CPU
		{DA4F02E3-0B5E-42CD-B8D9-5583FA51D66E}.Debug|Any CPU.Build.0 = Debug|Any CPU
		{DA4F02E3-0B5E-42CD-B8D9-5583FA51D66E}.Debug|x64.ActiveCfg = Debug|Any CPU
		{DA4F02E3-0B5E-42CD-B8D9-5583FA51D66E}.Debug|x86.ActiveCfg = Debug|Any CPU
		{DA4F02E3-0B5E-42CD-B8D9-5583FA51D66E}.Release|Any CPU.ActiveCfg = Release|Any CPU
		{DA4F02E3-0B5E-42CD-B8D9-5583FA51D66E}.Release|Any CPU.Build.0 = Release|Any CPU
		{DA4F02E3-0B5E-42CD-B8D9-5583FA51D66E}.Release|x64.ActiveCfg = Release|Any CPU
		{DA4F02E3-0B5E-42CD-B8D9-5583FA51D66E}.Release|x86.ActiveCfg = Release|Any CPU
		{5B5897BD-A423-4AF8-8A59-1C1372ED77DB}.Debug|Any CPU.ActiveCfg = Debug|Any CPU
		{5B5897BD-A423-4AF8-8A59-1C1372ED77DB}.Debug|Any CPU.Build.0 = Debug|Any CPU
		{5B5897BD-A423-4AF8-8A59-1C1372ED77DB}.Debug|x64.ActiveCfg = Debug|Any CPU
		{5B5897BD-A423-4AF8-8A59-1C1372ED77DB}.Debug|x86.ActiveCfg = Debug|Any CPU
		{5B5897BD-A423-4AF8-8A59-1C1372ED77DB}.Release|Any CPU.ActiveCfg = Release|Any CPU
		{5B5897BD-A423-4AF8-8A59-1C1372ED77DB}.Release|Any CPU.Build.0 = Release|Any CPU
		{5B5897BD-A423-4AF8-8A59-1C1372ED77DB}.Release|x64.ActiveCfg = Release|Any CPU
		{5B5897BD-A423-4AF8-8A59-1C1372ED77DB}.Release|x86.ActiveCfg = Release|Any CPU
		{1293DD10-378A-4370-AEE2-AA1E9E87039B}.Debug|Any CPU.ActiveCfg = Debug|Any CPU
		{1293DD10-378A-4370-AEE2-AA1E9E87039B}.Debug|Any CPU.Build.0 = Debug|Any CPU
		{1293DD10-378A-4370-AEE2-AA1E9E87039B}.Debug|x64.ActiveCfg = Debug|Any CPU
		{1293DD10-378A-4370-AEE2-AA1E9E87039B}.Debug|x86.ActiveCfg = Debug|Any CPU
		{1293DD10-378A-4370-AEE2-AA1E9E87039B}.Release|Any CPU.ActiveCfg = Release|Any CPU
		{1293DD10-378A-4370-AEE2-AA1E9E87039B}.Release|Any CPU.Build.0 = Release|Any CPU
		{1293DD10-378A-4370-AEE2-AA1E9E87039B}.Release|x64.ActiveCfg = Release|Any CPU
		{1293DD10-378A-4370-AEE2-AA1E9E87039B}.Release|x86.ActiveCfg = Release|Any CPU
		{5080281A-F9A1-403F-85C7-0DFF6839B07B}.Debug|Any CPU.ActiveCfg = Debug|Any CPU
		{5080281A-F9A1-403F-85C7-0DFF6839B07B}.Debug|Any CPU.Build.0 = Debug|Any CPU
		{5080281A-F9A1-403F-85C7-0DFF6839B07B}.Debug|x64.ActiveCfg = Debug|Any CPU
		{5080281A-F9A1-403F-85C7-0DFF6839B07B}.Debug|x86.ActiveCfg = Debug|Any CPU
		{5080281A-F9A1-403F-85C7-0DFF6839B07B}.Release|Any CPU.ActiveCfg = Release|Any CPU
		{5080281A-F9A1-403F-85C7-0DFF6839B07B}.Release|Any CPU.Build.0 = Release|Any CPU
		{5080281A-F9A1-403F-85C7-0DFF6839B07B}.Release|x64.ActiveCfg = Release|Any CPU
		{5080281A-F9A1-403F-85C7-0DFF6839B07B}.Release|x86.ActiveCfg = Release|Any CPU
		{C37A547B-F31E-45FB-870A-CFA704D06152}.Debug|Any CPU.ActiveCfg = Debug|Any CPU
		{C37A547B-F31E-45FB-870A-CFA704D06152}.Debug|Any CPU.Build.0 = Debug|Any CPU
		{C37A547B-F31E-45FB-870A-CFA704D06152}.Debug|x64.ActiveCfg = Debug|Any CPU
		{C37A547B-F31E-45FB-870A-CFA704D06152}.Debug|x86.ActiveCfg = Debug|Any CPU
		{C37A547B-F31E-45FB-870A-CFA704D06152}.Release|Any CPU.ActiveCfg = Release|Any CPU
		{C37A547B-F31E-45FB-870A-CFA704D06152}.Release|Any CPU.Build.0 = Release|Any CPU
		{C37A547B-F31E-45FB-870A-CFA704D06152}.Release|x64.ActiveCfg = Release|Any CPU
		{C37A547B-F31E-45FB-870A-CFA704D06152}.Release|x86.ActiveCfg = Release|Any CPU
		{D29C1659-635C-497B-847E-FE9A5A69ED03}.Debug|Any CPU.ActiveCfg = Debug|Any CPU
		{D29C1659-635C-497B-847E-FE9A5A69ED03}.Debug|Any CPU.Build.0 = Debug|Any CPU
		{D29C1659-635C-497B-847E-FE9A5A69ED03}.Debug|x64.ActiveCfg = Debug|Any CPU
		{D29C1659-635C-497B-847E-FE9A5A69ED03}.Debug|x86.ActiveCfg = Debug|Any CPU
		{D29C1659-635C-497B-847E-FE9A5A69ED03}.Release|Any CPU.ActiveCfg = Release|Any CPU
		{D29C1659-635C-497B-847E-FE9A5A69ED03}.Release|Any CPU.Build.0 = Release|Any CPU
		{D29C1659-635C-497B-847E-FE9A5A69ED03}.Release|x64.ActiveCfg = Release|Any CPU
		{D29C1659-635C-497B-847E-FE9A5A69ED03}.Release|x86.ActiveCfg = Release|Any CPU
		{A7B74F85-D353-4ED4-A321-E6E4AD4D7D32}.Debug|Any CPU.ActiveCfg = Debug|Any CPU
		{A7B74F85-D353-4ED4-A321-E6E4AD4D7D32}.Debug|Any CPU.Build.0 = Debug|Any CPU
		{A7B74F85-D353-4ED4-A321-E6E4AD4D7D32}.Debug|x64.ActiveCfg = Debug|Any CPU
		{A7B74F85-D353-4ED4-A321-E6E4AD4D7D32}.Debug|x86.ActiveCfg = Debug|Any CPU
		{A7B74F85-D353-4ED4-A321-E6E4AD4D7D32}.Release|Any CPU.ActiveCfg = Release|Any CPU
		{A7B74F85-D353-4ED4-A321-E6E4AD4D7D32}.Release|Any CPU.Build.0 = Release|Any CPU
		{A7B74F85-D353-4ED4-A321-E6E4AD4D7D32}.Release|x64.ActiveCfg = Release|Any CPU
		{A7B74F85-D353-4ED4-A321-E6E4AD4D7D32}.Release|x86.ActiveCfg = Release|Any CPU
	EndGlobalSection
	GlobalSection(SolutionProperties) = preSolution
		HideSolutionNode = FALSE
	EndGlobalSection
	GlobalSection(NestedProjects) = preSolution
		{5B5897BD-A423-4AF8-8A59-1C1372ED77DB} = {778D0FA5-FE72-4BF9-B83F-5ECDFBF32F62}
		{1293DD10-378A-4370-AEE2-AA1E9E87039B} = {778D0FA5-FE72-4BF9-B83F-5ECDFBF32F62}
		{C37A547B-F31E-45FB-870A-CFA704D06152} = {778D0FA5-FE72-4BF9-B83F-5ECDFBF32F62}
		{D29C1659-635C-497B-847E-FE9A5A69ED03} = {778D0FA5-FE72-4BF9-B83F-5ECDFBF32F62}
		{A7B74F85-D353-4ED4-A321-E6E4AD4D7D32} = {778D0FA5-FE72-4BF9-B83F-5ECDFBF32F62}
		{BA7F6DBB-9FC4-49E6-92E4-621EFE4BBBBC} = {F91DCE20-90A9-49A8-8773-CACECE651F37}
	EndGlobalSection
	GlobalSection(ExtensibilityGlobals) = postSolution
		SolutionGuid = {F7CAB18A-FDAF-4BC8-AFD0-19CC898E85CE}
	EndGlobalSection
EndGlobal
