
Microsoft Visual Studio Solution File, Format Version 12.00
# Visual Studio 14
VisualStudioVersion = 14.0.25420.1
MinimumVisualStudioVersion = 10.0.40219.1
Project("{2150E333-8FDC-42A3-9474-1A3956D46DE8}") = "Solution Items", "Solution Items", "{F91DCE20-90A9-49A8-8773-CACECE651F37}"
EndProject
Project("{FAE04EC0-301F-11D3-BF4B-00C04F79EFBC}") = "NAudio.Win8", "NAudio.Win8\NAudio.Win8.csproj", "{90543F38-E793-40C3-972D-3271EBF1DEF4}"
EndProject
Project("{FAE04EC0-301F-11D3-BF4B-00C04F79EFBC}") = "NAudioWin8Demo", "NAudioWin8Demo\NAudioWin8Demo.csproj", "{03A0E22E-5B00-4B87-9CDF-20CC121DCF03}"
EndProject
Global
	GlobalSection(SolutionConfigurationPlatforms) = preSolution
		Debug|Any CPU = Debug|Any CPU
		Debug|ARM = Debug|ARM
		Debug|x64 = Debug|x64
		Debug|x86 = Debug|x86
		Release|Any CPU = Release|Any CPU
		Release|ARM = Release|ARM
		Release|x64 = Release|x64
		Release|x86 = Release|x86
	EndGlobalSection
	GlobalSection(ProjectConfigurationPlatforms) = postSolution
		{90543F38-E793-40C3-972D-3271EBF1DEF4}.Debug|Any CPU.ActiveCfg = Debug|Any CPU
		{90543F38-E793-40C3-972D-3271EBF1DEF4}.Debug|Any CPU.Build.0 = Debug|Any CPU
		{90543F38-E793-40C3-972D-3271EBF1DEF4}.Debug|ARM.ActiveCfg = Debug|ARM
		{90543F38-E793-40C3-972D-3271EBF1DEF4}.Debug|ARM.Build.0 = Debug|ARM
		{90543F38-E793-40C3-972D-3271EBF1DEF4}.Debug|x64.ActiveCfg = Debug|x64
		{90543F38-E793-40C3-972D-3271EBF1DEF4}.Debug|x64.Build.0 = Debug|x64
		{90543F38-E793-40C3-972D-3271EBF1DEF4}.Debug|x86.ActiveCfg = Debug|x86
		{90543F38-E793-40C3-972D-3271EBF1DEF4}.Debug|x86.Build.0 = Debug|x86
		{90543F38-E793-40C3-972D-3271EBF1DEF4}.Release|Any CPU.ActiveCfg = Release|Any CPU
		{90543F38-E793-40C3-972D-3271EBF1DEF4}.Release|Any CPU.Build.0 = Release|Any CPU
		{90543F38-E793-40C3-972D-3271EBF1DEF4}.Release|ARM.ActiveCfg = Release|ARM
		{90543F38-E793-40C3-972D-3271EBF1DEF4}.Release|ARM.Build.0 = Release|ARM
		{90543F38-E793-40C3-972D-3271EBF1DEF4}.Release|x64.ActiveCfg = Release|x64
		{90543F38-E793-40C3-972D-3271EBF1DEF4}.Release|x64.Build.0 = Release|x64
		{90543F38-E793-40C3-972D-3271EBF1DEF4}.Release|x86.ActiveCfg = Release|x86
		{90543F38-E793-40C3-972D-3271EBF1DEF4}.Release|x86.Build.0 = Release|x86
		{03A0E22E-5B00-4B87-9CDF-20CC121DCF03}.Debug|Any CPU.ActiveCfg = Debug|Any CPU
		{03A0E22E-5B00-4B87-9CDF-20CC121DCF03}.Debug|Any CPU.Build.0 = Debug|Any CPU
		{03A0E22E-5B00-4B87-9CDF-20CC121DCF03}.Debug|Any CPU.Deploy.0 = Debug|Any CPU
		{03A0E22E-5B00-4B87-9CDF-20CC121DCF03}.Debug|ARM.ActiveCfg = Debug|ARM
		{03A0E22E-5B00-4B87-9CDF-20CC121DCF03}.Debug|ARM.Build.0 = Debug|ARM
		{03A0E22E-5B00-4B87-9CDF-20CC121DCF03}.Debug|ARM.Deploy.0 = Debug|ARM
		{03A0E22E-5B00-4B87-9CDF-20CC121DCF03}.Debug|x64.ActiveCfg = Debug|x64
		{03A0E22E-5B00-4B87-9CDF-20CC121DCF03}.Debug|x64.Build.0 = Debug|x64
		{03A0E22E-5B00-4B87-9CDF-20CC121DCF03}.Debug|x64.Deploy.0 = Debug|x64
		{03A0E22E-5B00-4B87-9CDF-20CC121DCF03}.Debug|x86.ActiveCfg = Debug|x86
		{03A0E22E-5B00-4B87-9CDF-20CC121DCF03}.Debug|x86.Build.0 = Debug|x86
		{03A0E22E-5B00-4B87-9CDF-20CC121DCF03}.Debug|x86.Deploy.0 = Debug|x86
		{03A0E22E-5B00-4B87-9CDF-20CC121DCF03}.Release|Any CPU.ActiveCfg = Release|Any CPU
		{03A0E22E-5B00-4B87-9CDF-20CC121DCF03}.Release|Any CPU.Build.0 = Release|Any CPU
		{03A0E22E-5B00-4B87-9CDF-20CC121DCF03}.Release|Any CPU.Deploy.0 = Release|Any CPU
		{03A0E22E-5B00-4B87-9CDF-20CC121DCF03}.Release|ARM.ActiveCfg = Release|ARM
		{03A0E22E-5B00-4B87-9CDF-20CC121DCF03}.Release|ARM.Build.0 = Release|ARM
		{03A0E22E-5B00-4B87-9CDF-20CC121DCF03}.Release|ARM.Deploy.0 = Release|ARM
		{03A0E22E-5B00-4B87-9CDF-20CC121DCF03}.Release|x64.ActiveCfg = Release|x64
		{03A0E22E-5B00-4B87-9CDF-20CC121DCF03}.Release|x64.Build.0 = Release|x64
		{03A0E22E-5B00-4B87-9CDF-20CC121DCF03}.Release|x64.Deploy.0 = Release|x64
		{03A0E22E-5B00-4B87-9CDF-20CC121DCF03}.Release|x86.ActiveCfg = Release|x86
		{03A0E22E-5B00-4B87-9CDF-20CC121DCF03}.Release|x86.Build.0 = Release|x86
		{03A0E22E-5B00-4B87-9CDF-20CC121DCF03}.Release|x86.Deploy.0 = Release|x86
	EndGlobalSection
	GlobalSection(SolutionProperties) = preSolution
		HideSolutionNode = FALSE
	EndGlobalSection
EndGlobal
